
Microsoft Visual Studio Solution File, Format Version 12.00
# Visual Studio Version 17
VisualStudioVersion = 17.0.31521.260
MinimumVisualStudioVersion = 10.0.40219.1
Project("{FAE04EC0-301F-11D3-BF4B-00C04F79EFBC}") = "NsoftRTT", "NsoftRTT.csproj", "{FFDAD0F0-75D8-49B8-8A33-729814EAB31B}"
EndProject
Global
	GlobalSection(SolutionConfigurationPlatforms) = preSolution
		Debug|Any CPU = Debug|Any CPU
		Release|Any CPU = Release|Any CPU
	EndGlobalSection
	GlobalSection(ProjectConfigurationPlatforms) = postSolution
		{FFDAD0F0-75D8-49B8-8A33-729814EAB31B}.Debug|Any CPU.ActiveCfg = Debug|Any CPU
		{FFDAD0F0-75D8-49B8-8A33-729814EAB31B}.Debug|Any CPU.Build.0 = Debug|Any CPU
		{FFDAD0F0-75D8-49B8-8A33-729814EAB31B}.Release|Any CPU.ActiveCfg = Release|Any CPU
		{FFDAD0F0-75D8-49B8-8A33-729814EAB31B}.Release|Any CPU.Build.0 = Release|Any CPU
	EndGlobalSection
	GlobalSection(SolutionProperties) = preSolution
		HideSolutionNode = FALSE
	EndGlobalSection
	GlobalSection(ExtensibilityGlobals) = postSolution
		SolutionGuid = {E5C6E104-A9DD-4D15-8E6F-347416603738}
	EndGlobalSection
EndGlobal
